{
  "version": 4,
  "terraform_version": "1.3.5",
  "serial": 34,
  "lineage": "7e75891f-abda-9ce2-dbe8-05795f12883a",
  "outputs": {},
  "resources": [
    {
      "module": "module.app_service_plan",
      "mode": "managed",
      "type": "azurerm_service_plan",
      "name": "service_plan",
      "provider": "provider[\"registry.terraform.io/hashicorp/azurerm\"]",
      "instances": [
        {
          "schema_version": 0,
          "attributes": {
            "app_service_environment_id": "",
            "id": "/subscriptions/d0cf17c7-2ddb-4b34-9527-b9f3ff480fc5/resourceGroups/App-Services-RG/providers/Microsoft.Web/serverfarms/APP-PLAN-KAANT",
            "kind": "linux",
            "location": "canadacentral",
            "maximum_elastic_worker_count": 1,
            "name": "APP-PLAN-KAANT",
            "os_type": "Linux",
            "per_site_scaling_enabled": false,
            "reserved": true,
            "resource_group_name": "App-Services-RG",
            "sku_name": "B1",
            "tags": null,
            "timeouts": null,
            "worker_count": 1,
            "zone_balancing_enabled": false
          },
          "sensitive_attributes": [],
          "private": "eyJlMmJmYjczMC1lY2FhLTExZTYtOGY4OC0zNDM2M2JjN2M0YzAiOnsiY3JlYXRlIjozNjAwMDAwMDAwMDAwLCJkZWxldGUiOjM2MDAwMDAwMDAwMDAsInJlYWQiOjMwMDAwMDAwMDAwMCwidXBkYXRlIjozNjAwMDAwMDAwMDAwfX0=",
          "dependencies": [
            "module.rg.azurerm_resource_group.rg"
          ]
        }
      ]
    },
    {
      "module": "module.backend_app_service",
      "mode": "managed",
      "type": "azurerm_linux_web_app",
      "name": "linux_webapp",
      "provider": "provider[\"registry.terraform.io/hashicorp/azurerm\"]",
      "instances": [
        {
          "schema_version": 0,
          "attributes": {
            "app_settings": {
              "APPINSIGHTS_INSTRUMENTATIONKEY": "2dd738e7-56e1-4dab-b2ba-ec802e4fb790",
              "APPLICATIONINSIGHTS_CONNECTION_STRING": "InstrumentationKey=2dd738e7-56e1-4dab-b2ba-ec802e4fb790;IngestionEndpoint=https://eastus-8.in.applicationinsights.azure.com/;LiveEndpoint=https://eastus.livediagnostics.monitor.azure.com/",
              "ASPNETCORE_ENVIRONMENT": "Development",
              "ApplicationInsightsAgent_EXTENSION_VERSION": "~3",
              "WEBSITES_PORT": "8080",
              "XDT_MicrosoftApplicationInsights_Mode": "Recommended"
            },
            "auth_settings": [
              {
                "active_directory": [],
                "additional_login_parameters": {},
                "allowed_external_redirect_urls": [],
                "default_provider": "",
                "enabled": false,
                "facebook": [],
                "github": [],
                "google": [],
                "issuer": "",
                "microsoft": [],
                "runtime_version": "",
                "token_refresh_extension_hours": 0,
                "token_store_enabled": false,
                "twitter": [],
                "unauthenticated_client_action": ""
              }
            ],
            "backup": [],
            "client_affinity_enabled": false,
            "client_certificate_enabled": false,
            "client_certificate_exclusion_paths": "",
            "client_certificate_mode": "Required",
            "connection_string": [],
            "custom_domain_verification_id": "40361F059F927F361D02F0197BC209F48BC5B764448452EC5CEE1A0AF59858B6",
            "default_hostname": "sparrowkaanbackend.azurewebsites.net",
            "enabled": true,
            "https_only": true,
            "id": "/subscriptions/d0cf17c7-2ddb-4b34-9527-b9f3ff480fc5/resourceGroups/App-Services-RG/providers/Microsoft.Web/sites/sparrowkaanbackend",
            "identity": [],
            "key_vault_reference_identity_id": "SystemAssigned",
            "kind": "app,linux",
            "location": "canadacentral",
            "logs": [],
            "name": "sparrowkaanbackend",
            "outbound_ip_address_list": [
              "20.220.159.219",
              "20.220.159.226",
              "20.175.136.7",
              "20.175.136.102",
              "20.175.136.126",
              "20.175.137.2",
              "20.48.202.168"
            ],
            "outbound_ip_addresses": "20.220.159.219,20.220.159.226,20.175.136.7,20.175.136.102,20.175.136.126,20.175.137.2,20.48.202.168",
            "possible_outbound_ip_address_list": [
              "20.220.159.219",
              "20.220.159.226",
              "20.175.136.7",
              "20.175.136.102",
              "20.175.136.126",
              "20.175.137.2",
              "20.175.137.123",
              "20.220.158.125",
              "20.175.137.170",
              "20.175.138.24",
              "20.175.138.204",
              "20.175.139.155",
              "20.175.139.225",
              "20.175.140.124",
              "20.175.140.169",
              "20.175.140.214",
              "20.175.140.243",
              "20.220.159.243",
              "20.175.141.53",
              "20.175.141.87",
              "20.175.141.88",
              "20.175.141.111",
              "20.175.141.116",
              "20.175.141.122",
              "20.48.202.168"
            ],
            "possible_outbound_ip_addresses": "20.220.159.219,20.220.159.226,20.175.136.7,20.175.136.102,20.175.136.126,20.175.137.2,20.175.137.123,20.220.158.125,20.175.137.170,20.175.138.24,20.175.138.204,20.175.139.155,20.175.139.225,20.175.140.124,20.175.140.169,20.175.140.214,20.175.140.243,20.220.159.243,20.175.141.53,20.175.141.87,20.175.141.88,20.175.141.111,20.175.141.116,20.175.141.122,20.48.202.168",
            "resource_group_name": "App-Services-RG",
            "service_plan_id": "/subscriptions/d0cf17c7-2ddb-4b34-9527-b9f3ff480fc5/resourceGroups/App-Services-RG/providers/Microsoft.Web/serverfarms/APP-PLAN-KAANT",
            "site_config": [
              {
                "always_on": false,
                "api_definition_url": "",
                "api_management_api_id": "",
                "app_command_line": "dotnet DotNetAPI.dll",
                "application_stack": [
                  {
                    "docker_image": "",
                    "docker_image_tag": "",
                    "dotnet_version": "6.0",
                    "go_version": "",
                    "java_server": "",
                    "java_server_version": "",
                    "java_version": "",
                    "node_version": "",
                    "php_version": "",
                    "python_version": "",
                    "ruby_version": ""
                  }
                ],
                "auto_heal_enabled": false,
                "auto_heal_setting": [],
                "container_registry_managed_identity_client_id": "",
                "container_registry_use_managed_identity": false,
                "cors": [],
                "default_documents": [
                  "Default.htm",
                  "Default.html",
                  "Default.asp",
                  "index.htm",
                  "index.html",
                  "iisstart.htm",
                  "default.aspx",
                  "index.php",
                  "hostingstart.html"
                ],
                "detailed_error_logging_enabled": false,
                "ftps_state": "FtpsOnly",
                "health_check_eviction_time_in_min": 3,
                "health_check_path": "",
                "http2_enabled": false,
                "ip_restriction": [],
                "linux_fx_version": "DOTNETCORE|6.0",
                "load_balancing_mode": "LeastRequests",
                "local_mysql_enabled": false,
                "managed_pipeline_mode": "Integrated",
                "minimum_tls_version": "1.2",
                "remote_debugging_enabled": false,
                "remote_debugging_version": "VS2019",
                "scm_ip_restriction": [],
                "scm_minimum_tls_version": "1.2",
                "scm_type": "None",
                "scm_use_main_ip_restriction": false,
                "use_32_bit_worker": true,
                "vnet_route_all_enabled": false,
                "websockets_enabled": false,
                "worker_count": 1
              }
            ],
            "site_credential": [
              {
                "name": "$sparrowkaanbackend",
                "password": "u6WmsJPwMkjaJ1alQGuQ40evDhnByX5PZtqpBwzPkfeReXGv8yanQNMCCESa"
              }
            ],
            "sticky_settings": [],
            "storage_account": [],
            "tags": null,
            "timeouts": null,
            "virtual_network_subnet_id": "",
            "zip_deploy_file": ""
          },
          "sensitive_attributes": [],
          "private": "eyJlMmJmYjczMC1lY2FhLTExZTYtOGY4OC0zNDM2M2JjN2M0YzAiOnsiY3JlYXRlIjoxODAwMDAwMDAwMDAwLCJkZWxldGUiOjE4MDAwMDAwMDAwMDAsInJlYWQiOjMwMDAwMDAwMDAwMCwidXBkYXRlIjoxODAwMDAwMDAwMDAwfX0=",
          "dependencies": [
            "module.app_service_plan.azurerm_service_plan.service_plan",
            "module.rg.azurerm_resource_group.rg"
          ]
        }
      ]
    },
    {
      "module": "module.frontend_app_service",
      "mode": "managed",
      "type": "azurerm_linux_web_app",
      "name": "linux_webapp",
      "provider": "provider[\"registry.terraform.io/hashicorp/azurerm\"]",
      "instances": [
        {
          "schema_version": 0,
          "attributes": {
            "app_settings": {
              "ApplicationInsightsAgent_EXTENSION_VERSION": "~3",
              "WEBSITES_PORT": "8080"
            },
            "auth_settings": [
              {
                "active_directory": [],
                "additional_login_parameters": {},
                "allowed_external_redirect_urls": [],
                "default_provider": "",
                "enabled": false,
                "facebook": [],
                "github": [],
                "google": [],
                "issuer": "",
                "microsoft": [],
                "runtime_version": "",
                "token_refresh_extension_hours": 0,
                "token_store_enabled": false,
                "twitter": [],
                "unauthenticated_client_action": ""
              }
            ],
            "backup": [],
            "client_affinity_enabled": false,
            "client_certificate_enabled": false,
            "client_certificate_exclusion_paths": "",
            "client_certificate_mode": "Required",
            "connection_string": [],
            "custom_domain_verification_id": "40361F059F927F361D02F0197BC209F48BC5B764448452EC5CEE1A0AF59858B6",
            "default_hostname": "sparrowkaanfrontend.azurewebsites.net",
            "enabled": true,
            "https_only": true,
            "id": "/subscriptions/d0cf17c7-2ddb-4b34-9527-b9f3ff480fc5/resourceGroups/App-Services-RG/providers/Microsoft.Web/sites/sparrowkaanfrontend",
            "identity": [],
            "key_vault_reference_identity_id": "SystemAssigned",
            "kind": "app,linux",
            "location": "canadacentral",
            "logs": [],
            "name": "sparrowkaanfrontend",
            "outbound_ip_address_list": [
              "20.220.159.219",
              "20.220.159.226",
              "20.175.136.7",
              "20.175.136.102",
              "20.175.136.126",
              "20.175.137.2",
              "20.48.202.168"
            ],
            "outbound_ip_addresses": "20.220.159.219,20.220.159.226,20.175.136.7,20.175.136.102,20.175.136.126,20.175.137.2,20.48.202.168",
            "possible_outbound_ip_address_list": [
              "20.220.159.219",
              "20.220.159.226",
              "20.175.136.7",
              "20.175.136.102",
              "20.175.136.126",
              "20.175.137.2",
              "20.175.137.123",
              "20.220.158.125",
              "20.175.137.170",
              "20.175.138.24",
              "20.175.138.204",
              "20.175.139.155",
              "20.175.139.225",
              "20.175.140.124",
              "20.175.140.169",
              "20.175.140.214",
              "20.175.140.243",
              "20.220.159.243",
              "20.175.141.53",
              "20.175.141.87",
              "20.175.141.88",
              "20.175.141.111",
              "20.175.141.116",
              "20.175.141.122",
              "20.48.202.168"
            ],
            "possible_outbound_ip_addresses": "20.220.159.219,20.220.159.226,20.175.136.7,20.175.136.102,20.175.136.126,20.175.137.2,20.175.137.123,20.220.158.125,20.175.137.170,20.175.138.24,20.175.138.204,20.175.139.155,20.175.139.225,20.175.140.124,20.175.140.169,20.175.140.214,20.175.140.243,20.220.159.243,20.175.141.53,20.175.141.87,20.175.141.88,20.175.141.111,20.175.141.116,20.175.141.122,20.48.202.168",
            "resource_group_name": "App-Services-RG",
            "service_plan_id": "/subscriptions/d0cf17c7-2ddb-4b34-9527-b9f3ff480fc5/resourceGroups/App-Services-RG/providers/Microsoft.Web/serverfarms/APP-PLAN-KAANT",
            "site_config": [
              {
                "always_on": false,
                "api_definition_url": "",
                "api_management_api_id": "",
                "app_command_line": "pm2 serve /home/site/wwwroot --no-daemon",
                "application_stack": [
                  {
                    "docker_image": "",
                    "docker_image_tag": "",
                    "dotnet_version": "",
                    "go_version": "",
                    "java_server": "",
                    "java_server_version": "",
                    "java_version": "",
                    "node_version": "14-lts",
                    "php_version": "",
                    "python_version": "",
                    "ruby_version": ""
                  }
                ],
                "auto_heal_enabled": false,
                "auto_heal_setting": [],
                "container_registry_managed_identity_client_id": "",
                "container_registry_use_managed_identity": false,
                "cors": [],
                "default_documents": [
                  "Default.htm",
                  "Default.html",
                  "Default.asp",
                  "index.htm",
                  "index.html",
                  "iisstart.htm",
                  "default.aspx",
                  "index.php",
                  "hostingstart.html"
                ],
                "detailed_error_logging_enabled": false,
                "ftps_state": "FtpsOnly",
                "health_check_eviction_time_in_min": 3,
                "health_check_path": "",
                "http2_enabled": false,
                "ip_restriction": [],
                "linux_fx_version": "NODE|14-lts",
                "load_balancing_mode": "LeastRequests",
                "local_mysql_enabled": false,
                "managed_pipeline_mode": "Integrated",
                "minimum_tls_version": "1.2",
                "remote_debugging_enabled": false,
                "remote_debugging_version": "VS2019",
                "scm_ip_restriction": [],
                "scm_minimum_tls_version": "1.2",
                "scm_type": "None",
                "scm_use_main_ip_restriction": false,
                "use_32_bit_worker": true,
                "vnet_route_all_enabled": false,
                "websockets_enabled": false,
                "worker_count": 1
              }
            ],
            "site_credential": [
              {
                "name": "$sparrowkaanfrontend",
                "password": "YvldkCckvHopsGfinaAFEbJADzllZW49oQQnoA37Wmdm5NeWuwuYuRiHKNB1"
              }
            ],
            "sticky_settings": [],
            "storage_account": [],
            "tags": null,
            "timeouts": null,
            "virtual_network_subnet_id": "",
            "zip_deploy_file": ""
          },
          "sensitive_attributes": [],
          "private": "eyJlMmJmYjczMC1lY2FhLTExZTYtOGY4OC0zNDM2M2JjN2M0YzAiOnsiY3JlYXRlIjoxODAwMDAwMDAwMDAwLCJkZWxldGUiOjE4MDAwMDAwMDAwMDAsInJlYWQiOjMwMDAwMDAwMDAwMCwidXBkYXRlIjoxODAwMDAwMDAwMDAwfX0=",
          "dependencies": [
            "module.app_service_plan.azurerm_service_plan.service_plan",
            "module.rg.azurerm_resource_group.rg"
          ]
        }
      ]
    },
    {
      "module": "module.rg",
      "mode": "managed",
      "type": "azurerm_resource_group",
      "name": "rg",
      "provider": "provider[\"registry.terraform.io/hashicorp/azurerm\"]",
      "instances": [
        {
          "schema_version": 0,
          "attributes": {
            "id": "/subscriptions/d0cf17c7-2ddb-4b34-9527-b9f3ff480fc5/resourceGroups/App-Services-RG",
            "location": "canadacentral",
            "name": "App-Services-RG",
            "tags": null,
            "timeouts": null
          },
          "sensitive_attributes": [],
          "private": "eyJlMmJmYjczMC1lY2FhLTExZTYtOGY4OC0zNDM2M2JjN2M0YzAiOnsiY3JlYXRlIjo1NDAwMDAwMDAwMDAwLCJkZWxldGUiOjU0MDAwMDAwMDAwMDAsInJlYWQiOjMwMDAwMDAwMDAwMCwidXBkYXRlIjo1NDAwMDAwMDAwMDAwfX0="
        }
      ]
    }
  ],
  "check_results": null
}
